Microsoft Visual Studio Solution File, Format Version 12.00
# Visual Studio Version 17
VisualStudioVersion = 17.2.32210.308
MinimumVisualStudioVersion = 15.0.26124.0

Project("{2150E333-8FDC-42A3-9474-1A3956D46DE8}") = "Source", "Source", "{B72E3C1B-E5C1-4816-B87B-B30564F792F3}"
EndProject
Project("{9A19103F-16F7-4668-BE54-9A1E7A4F7556}") = "MyShop", "MyShop\MyShop.csproj", "{22E3DDAA-32AE-427A-B0F1-807A68A5AA35}"
EndProject
Project("{9A19103F-16F7-4668-BE54-9A1E7A4F7556}") = "MyShop.Server", "MyShop.Server\MyShop.Server.csproj", "{9C0FE429-FDEC-49B0-979F-354A21D38849}"
EndProject

Project("{2150E333-8FDC-42A3-9474-1A3956D46DE8}") = "Solution Items", "Solution Items", "{BADA71DC-7FFD-4EDC-9F28-FB74AEADC713}"
	ProjectSection(SolutionItems) = preProject
		.editorconfig = .editorconfig
		.gitignore = .gitignore
		.vsconfig = .vsconfig
		Directory.Build.props = Directory.Build.props
		Directory.Build.targets = Directory.Build.targets
		Directory.Packages.props = Directory.Packages.props
		global.json = global.json
	EndProjectSection
EndProject
Global
	GlobalSection(SolutionConfigurationPlatforms) = preSolution
		Debug|Any CPU = Debug|Any CPU
		Debug|ARM = Debug|ARM
		Debug|ARM64 = Debug|ARM64
		Debug|iPhone = Debug|iPhone
		Debug|iPhoneSimulator = Debug|iPhoneSimulator
		Debug|x64 = Debug|x64
		Debug|x86 = Debug|x86
		Release|Any CPU = Release|Any CPU
		Release|ARM = Release|ARM
		Release|ARM64 = Release|ARM64
		Release|iPhone = Release|iPhone
		Release|iPhoneSimulator = Release|iPhoneSimulator
		Release|x64 = Release|x64
		Release|x86 = Release|x86
	EndGlobalSection
	GlobalSection(ProjectConfigurationPlatforms) = postSolution
		{9C0FE429-FDEC-49B0-979F-354A21D38849}.Debug|Any CPU.ActiveCfg = Debug|Any CPU
		{9C0FE429-FDEC-49B0-979F-354A21D38849}.Debug|Any CPU.Build.0 = Debug|Any CPU
		{9C0FE429-FDEC-49B0-979F-354A21D38849}.Debug|ARM.ActiveCfg = Debug|Any CPU
		{9C0FE429-FDEC-49B0-979F-354A21D38849}.Debug|ARM.Build.0 = Debug|Any CPU
		{9C0FE429-FDEC-49B0-979F-354A21D38849}.Debug|ARM64.ActiveCfg = Debug|Any CPU
		{9C0FE429-FDEC-49B0-979F-354A21D38849}.Debug|ARM64.Build.0 = Debug|Any CPU
		{9C0FE429-FDEC-49B0-979F-354A21D38849}.Debug|iPhone.ActiveCfg = Debug|Any CPU
		{9C0FE429-FDEC-49B0-979F-354A21D38849}.Debug|iPhone.Build.0 = Debug|Any CPU
		{9C0FE429-FDEC-49B0-979F-354A21D38849}.Debug|iPhoneSimulator.ActiveCfg = Debug|Any CPU
		{9C0FE429-FDEC-49B0-979F-354A21D38849}.Debug|iPhoneSimulator.Build.0 = Debug|Any CPU
		{9C0FE429-FDEC-49B0-979F-354A21D38849}.Debug|x64.ActiveCfg = Debug|Any CPU
		{9C0FE429-FDEC-49B0-979F-354A21D38849}.Debug|x64.Build.0 = Debug|Any CPU
		{9C0FE429-FDEC-49B0-979F-354A21D38849}.Debug|x86.ActiveCfg = Debug|Any CPU
		{9C0FE429-FDEC-49B0-979F-354A21D38849}.Debug|x86.Build.0 = Debug|Any CPU
		{9C0FE429-FDEC-49B0-979F-354A21D38849}.Release|Any CPU.ActiveCfg = Release|Any CPU
		{9C0FE429-FDEC-49B0-979F-354A21D38849}.Release|Any CPU.Build.0 = Release|Any CPU
		{9C0FE429-FDEC-49B0-979F-354A21D38849}.Release|ARM.ActiveCfg = Release|Any CPU
		{9C0FE429-FDEC-49B0-979F-354A21D38849}.Release|ARM.Build.0 = Release|Any CPU
		{9C0FE429-FDEC-49B0-979F-354A21D38849}.Release|ARM64.ActiveCfg = Release|Any CPU
		{9C0FE429-FDEC-49B0-979F-354A21D38849}.Release|ARM64.Build.0 = Release|Any CPU
		{9C0FE429-FDEC-49B0-979F-354A21D38849}.Release|iPhone.ActiveCfg = Release|Any CPU
		{9C0FE429-FDEC-49B0-979F-354A21D38849}.Release|iPhone.Build.0 = Release|Any CPU
		{9C0FE429-FDEC-49B0-979F-354A21D38849}.Release|iPhoneSimulator.ActiveCfg = Release|Any CPU
		{9C0FE429-FDEC-49B0-979F-354A21D38849}.Release|iPhoneSimulator.Build.0 = Release|Any CPU
		{9C0FE429-FDEC-49B0-979F-354A21D38849}.Release|x64.ActiveCfg = Release|Any CPU
		{9C0FE429-FDEC-49B0-979F-354A21D38849}.Release|x64.Build.0 = Release|Any CPU
		{9C0FE429-FDEC-49B0-979F-354A21D38849}.Release|x86.ActiveCfg = Release|Any CPU
		{9C0FE429-FDEC-49B0-979F-354A21D38849}.Release|x86.Build.0 = Release|Any CPU
		{22E3DDAA-32AE-427A-B0F1-807A68A5AA35}.Debug|Any CPU.ActiveCfg = Debug|Any CPU
		{22E3DDAA-32AE-427A-B0F1-807A68A5AA35}.Debug|Any CPU.Build.0 = Debug|Any CPU
		{22E3DDAA-32AE-427A-B0F1-807A68A5AA35}.Debug|Any CPU.Deploy.0 = Debug|Any CPU
		{22E3DDAA-32AE-427A-B0F1-807A68A5AA35}.Debug|ARM.ActiveCfg = Debug|Any CPU
		{22E3DDAA-32AE-427A-B0F1-807A68A5AA35}.Debug|ARM.Build.0 = Debug|Any CPU
		{22E3DDAA-32AE-427A-B0F1-807A68A5AA35}.Debug|ARM.Deploy.0 = Debug|Any CPU
		{22E3DDAA-32AE-427A-B0F1-807A68A5AA35}.Debug|ARM64.ActiveCfg = Debug|Any CPU
		{22E3DDAA-32AE-427A-B0F1-807A68A5AA35}.Debug|ARM64.Build.0 = Debug|Any CPU
		{22E3DDAA-32AE-427A-B0F1-807A68A5AA35}.Debug|ARM64.Deploy.0 = Debug|Any CPU
		{22E3DDAA-32AE-427A-B0F1-807A68A5AA35}.Debug|iPhone.ActiveCfg = Debug|Any CPU
		{22E3DDAA-32AE-427A-B0F1-807A68A5AA35}.Debug|iPhone.Build.0 = Debug|Any CPU
		{22E3DDAA-32AE-427A-B0F1-807A68A5AA35}.Debug|iPhone.Deploy.0 = Debug|Any CPU
		{22E3DDAA-32AE-427A-B0F1-807A68A5AA35}.Debug|iPhoneSimulator.ActiveCfg = Debug|Any CPU
		{22E3DDAA-32AE-427A-B0F1-807A68A5AA35}.Debug|iPhoneSimulator.Build.0 = Debug|Any CPU
		{22E3DDAA-32AE-427A-B0F1-807A68A5AA35}.Debug|iPhoneSimulator.Deploy.0 = Debug|Any CPU
		{22E3DDAA-32AE-427A-B0F1-807A68A5AA35}.Debug|x64.ActiveCfg = Debug|Any CPU
		{22E3DDAA-32AE-427A-B0F1-807A68A5AA35}.Debug|x64.Build.0 = Debug|Any CPU
		{22E3DDAA-32AE-427A-B0F1-807A68A5AA35}.Debug|x64.Deploy.0 = Debug|Any CPU
		{22E3DDAA-32AE-427A-B0F1-807A68A5AA35}.Debug|x86.ActiveCfg = Debug|Any CPU
		{22E3DDAA-32AE-427A-B0F1-807A68A5AA35}.Debug|x86.Build.0 = Debug|Any CPU
		{22E3DDAA-32AE-427A-B0F1-807A68A5AA35}.Debug|x86.Deploy.0 = Debug|Any CPU
		{22E3DDAA-32AE-427A-B0F1-807A68A5AA35}.Release|Any CPU.ActiveCfg = Release|Any CPU
		{22E3DDAA-32AE-427A-B0F1-807A68A5AA35}.Release|Any CPU.Build.0 = Release|Any CPU
		{22E3DDAA-32AE-427A-B0F1-807A68A5AA35}.Release|Any CPU.Deploy.0 = Release|Any CPU
		{22E3DDAA-32AE-427A-B0F1-807A68A5AA35}.Release|ARM.ActiveCfg = Release|Any CPU
		{22E3DDAA-32AE-427A-B0F1-807A68A5AA35}.Release|ARM.Build.0 = Release|Any CPU
		{22E3DDAA-32AE-427A-B0F1-807A68A5AA35}.Release|ARM.Deploy.0 = Release|Any CPU
		{22E3DDAA-32AE-427A-B0F1-807A68A5AA35}.Release|ARM64.ActiveCfg = Release|Any CPU
		{22E3DDAA-32AE-427A-B0F1-807A68A5AA35}.Release|ARM64.Build.0 = Release|Any CPU
		{22E3DDAA-32AE-427A-B0F1-807A68A5AA35}.Release|ARM64.Deploy.0 = Release|Any CPU
		{22E3DDAA-32AE-427A-B0F1-807A68A5AA35}.Release|iPhone.ActiveCfg = Release|Any CPU
		{22E3DDAA-32AE-427A-B0F1-807A68A5AA35}.Release|iPhone.Build.0 = Release|Any CPU
		{22E3DDAA-32AE-427A-B0F1-807A68A5AA35}.Release|iPhone.Deploy.0 = Release|Any CPU
		{22E3DDAA-32AE-427A-B0F1-807A68A5AA35}.Release|iPhoneSimulator.ActiveCfg = Release|Any CPU
		{22E3DDAA-32AE-427A-B0F1-807A68A5AA35}.Release|iPhoneSimulator.Build.0 = Release|Any CPU
		{22E3DDAA-32AE-427A-B0F1-807A68A5AA35}.Release|iPhoneSimulator.Deploy.0 = Release|Any CPU
		{22E3DDAA-32AE-427A-B0F1-807A68A5AA35}.Release|x64.ActiveCfg = Release|Any CPU
		{22E3DDAA-32AE-427A-B0F1-807A68A5AA35}.Release|x64.Build.0 = Release|Any CPU
		{22E3DDAA-32AE-427A-B0F1-807A68A5AA35}.Release|x64.Deploy.0 = Release|Any CPU
		{22E3DDAA-32AE-427A-B0F1-807A68A5AA35}.Release|x86.ActiveCfg = Release|Any CPU
		{22E3DDAA-32AE-427A-B0F1-807A68A5AA35}.Release|x86.Build.0 = Release|Any CPU
		{22E3DDAA-32AE-427A-B0F1-807A68A5AA35}.Release|x86.Deploy.0 = Release|Any CPU
	EndGlobalSection
	GlobalSection(SolutionProperties) = preSolution
		HideSolutionNode = FALSE
	EndGlobalSection
	GlobalSection(NestedProjects) = preSolution
		{22E3DDAA-32AE-427A-B0F1-807A68A5AA35} = {B72E3C1B-E5C1-4816-B87B-B30564F792F3}
		{9C0FE429-FDEC-49B0-979F-354A21D38849} = {B72E3C1B-E5C1-4816-B87B-B30564F792F3}
	EndGlobalSection
	GlobalSection(ExtensibilityGlobals) = postSolution
		SolutionGuid = {9FAC99D0-F9F1-4813-A6B9-CC423266B0FA}
	EndGlobalSection
EndGlobal
